// !$*UTF8*$!
{
	archiveVersion = 1;
	classes = {
	};
	objectVersion = 46;
	objects = {

/* Begin PBXBuildFile section */
		9A58B9BE18D9F8270008974D /* Foundation.framework in Frameworks */ = {isa = PBXBuildFile; fileRef = 9A58B9BD18D9F8270008974D /* Foundation.framework */; };
		9A58B9C018D9F8270008974D /* CoreGraphics.framework in Frameworks */ = {isa = PBXBuildFile; fileRef = 9A58B9BF18D9F8270008974D /* CoreGraphics.framework */; };
		9A58B9C218D9F8270008974D /* UIKit.framework in Frameworks */ = {isa = PBXBuildFile; fileRef = 9A58B9C118D9F8270008974D /* UIKit.framework */; };
		9A58B9C418D9F8270008974D /* CoreData.framework in Frameworks */ = {isa = PBXBuildFile; fileRef = 9A58B9C318D9F8270008974D /* CoreData.framework */; };
		9A58B9CA18D9F8270008974D /* InfoPlist.strings in Resources */ = {isa = PBXBuildFile; fileRef = 9A58B9C818D9F8270008974D /* InfoPlist.strings */; };
		9A58B9CC18D9F8270008974D /* main.m in Sources */ = {isa = PBXBuildFile; fileRef = 9A58B9CB18D9F8270008974D /* main.m */; };
		9A58B9D018D9F8270008974D /* AppDelegate.m in Sources */ = {isa = PBXBuildFile; fileRef = 9A58B9CF18D9F8270008974D /* AppDelegate.m */; };
		9A58B9D318D9F8270008974D /* FlickrMap.xcdatamodeld in Sources */ = {isa = PBXBuildFile; fileRef = 9A58B9D118D9F8270008974D /* FlickrMap.xcdatamodeld */; };
		9A58B9D518D9F8270008974D /* Images.xcassets in Resources */ = {isa = PBXBuildFile; fileRef = 9A58B9D418D9F8270008974D /* Images.xcassets */; };
		9A58B9DC18D9F8270008974D /* XCTest.framework in Frameworks */ = {isa = PBXBuildFile; fileRef = 9A58B9DB18D9F8270008974D /* XCTest.framework */; };
		9A58B9DD18D9F8270008974D /* Foundation.framework in Frameworks */ = {isa = PBXBuildFile; fileRef = 9A58B9BD18D9F8270008974D /* Foundation.framework */; };
		9A58B9DE18D9F8270008974D /* UIKit.framework in Frameworks */ = {isa = PBXBuildFile; fileRef = 9A58B9C118D9F8270008974D /* UIKit.framework */; };
		9A58B9DF18D9F8270008974D /* CoreData.framework in Frameworks */ = {isa = PBXBuildFile; fileRef = 9A58B9C318D9F8270008974D /* CoreData.framework */; };
		9A58B9E718D9F8270008974D /* InfoPlist.strings in Resources */ = {isa = PBXBuildFile; fileRef = 9A58B9E518D9F8270008974D /* InfoPlist.strings */; };
		9A58B9E918D9F8270008974D /* FlickrMapTests.m in Sources */ = {isa = PBXBuildFile; fileRef = 9A58B9E818D9F8270008974D /* FlickrMapTests.m */; };
/* End PBXBuildFile section */

/* Begin PBXContainerItemProxy section */
		9A58B9E018D9F8270008974D /* PBXContainerItemProxy */ = {
			isa = PBXContainerItemProxy;
			containerPortal = 9A58B9B218D9F8270008974D /* Project object */;
			proxyType = 1;
			remoteGlobalIDString = 9A58B9B918D9F8270008974D;
			remoteInfo = FlickrMap;
		};
/* End PBXContainerItemProxy section */

/* Begin PBXFileReference section */
		9A58B9BA18D9F8270008974D /* FlickrMap.app */ = {isa = PBXFileReference; explicitFileType = wrapper.application; includeInIndex = 0; path = FlickrMap.app; sourceTree = BUILT_PRODUCTS_DIR; };
		9A58B9BD18D9F8270008974D /* Foundation.framework */ = {isa = PBXFileReference; lastKnownFileType = wrapper.framework; name = Foundation.framework; path = System/Library/Frameworks/Foundation.framework; sourceTree = SDKROOT; };
		9A58B9BF18D9F8270008974D /* CoreGraphics.framework */ = {isa = PBXFileReference; lastKnownFileType = wrapper.framework; name = CoreGraphics.framework; path = System/Library/Frameworks/CoreGraphics.framework; sourceTree = SDKROOT; };
		9A58B9C118D9F8270008974D /* UIKit.framework */ = {isa = PBXFileReference; lastKnownFileType = wrapper.framework; name = UIKit.framework; path = System/Library/Frameworks/UIKit.framework; sourceTree = SDKROOT; };
		9A58B9C318D9F8270008974D /* CoreData.framework */ = {isa = PBXFileReference; lastKnownFileType = wrapper.framework; name = CoreData.framework; path = System/Library/Frameworks/CoreData.framework; sourceTree = SDKROOT; };
		9A58B9C718D9F8270008974D /* FlickrMap-Info.plist */ = {isa = PBXFileReference; lastKnownFileType = text.plist.xml; path = "FlickrMap-Info.plist"; sourceTree = "<group>"; };
		9A58B9C918D9F8270008974D /* en */ = {isa = PBXFileReference; lastKnownFileType = text.plist.strings; name = en; path = en.lproj/InfoPlist.strings; sourceTree = "<group>"; };
		9A58B9CB18D9F8270008974D /* main.m */ = {isa = PBXFileReference; lastKnownFileType = sourcecode.c.objc; path = main.m; sourceTree = "<group>"; };
		9A58B9CD18D9F8270008974D /* FlickrMap-Prefix.pch */ = {isa = PBXFileReference; lastKnownFileType = sourcecode.c.h; path = "FlickrMap-Prefix.pch"; sourceTree = "<group>"; };
		9A58B9CE18D9F8270008974D /* AppDelegate.h */ = {isa = PBXFileReference; lastKnownFileType = sourcecode.c.h; path = AppDelegate.h; sourceTree = "<group>"; };
		9A58B9CF18D9F8270008974D /* AppDelegate.m */ = {isa = PBXFileReference; lastKnownFileType = sourcecode.c.objc; path = AppDelegate.m; sourceTree = "<group>"; };
		9A58B9D218D9F8270008974D /* FlickrMap.xcdatamodel */ = {isa = PBXFileReference; lastKnownFileType = wrapper.xcdatamodel; path = FlickrMap.xcdatamodel; sourceTree = "<group>"; };
		9A58B9D418D9F8270008974D /* Images.xcassets */ = {isa = PBXFileReference; lastKnownFileType = folder.assetcatalog; path = Images.xcassets; sourceTree = "<group>"; };
		9A58B9DA18D9F8270008974D /* FlickrMapTests.xctest */ = {isa = PBXFileReference; explicitFileType = wrapper.cfbundle; includeInIndex = 0; path = FlickrMapTests.xctest; sourceTree = BUILT_PRODUCTS_DIR; };
		9A58B9DB18D9F8270008974D /* XCTest.framework */ = {isa = PBXFileReference; lastKnownFileType = wrapper.framework; name = XCTest.framework; path = Library/Frameworks/XCTest.framework; sourceTree = DEVELOPER_DIR; };
		9A58B9E418D9F8270008974D /* FlickrMapTests-Info.plist */ = {isa = PBXFileReference; lastKnownFileType = text.plist.xml; path = "FlickrMapTests-Info.plist"; sourceTree = "<group>"; };
		9A58B9E618D9F8270008974D /* en */ = {isa = PBXFileReference; lastKnownFileType = text.plist.strings; name = en; path = en.lproj/InfoPlist.strings; sourceTree = "<group>"; };
		9A58B9E818D9F8270008974D /* FlickrMapTests.m */ = {isa = PBXFileReference; lastKnownFileType = sourcecode.c.objc; path = FlickrMapTests.m; sourceTree = "<group>"; };
/* End PBXFileReference section */

/* Begin PBXFrameworksBuildPhase section */
		9A58B9B718D9F8270008974D /* Frameworks */ = {
			isa = PBXFrameworksBuildPhase;
			buildActionMask = 2147483647;
			files = (
				9A58B9C018D9F8270008974D /* CoreGraphics.framework in Frameworks */,
				9A58B9C418D9F8270008974D /* CoreData.framework in Frameworks */,
				9A58B9C218D9F8270008974D /* UIKit.framework in Frameworks */,
				9A58B9BE18D9F8270008974D /* Foundation.framework in Frameworks */,
			);
			runOnlyForDeploymentPostprocessing = 0;
		};
		9A58B9D718D9F8270008974D /* Frameworks */ = {
			isa = PBXFrameworksBuildPhase;
			buildActionMask = 2147483647;
			files = (
				9A58B9DC18D9F8270008974D /* XCTest.framework in Frameworks */,
				9A58B9DF18D9F8270008974D /* CoreData.framework in Frameworks */,
				9A58B9DE18D9F8270008974D /* UIKit.framework in Frameworks */,
				9A58B9DD18D9F8270008974D /* Foundation.framework in Frameworks */,
			);
			runOnlyForDeploymentPostprocessing = 0;
		};
/* End PBXFrameworksBuildPhase section */

/* Begin PBXGroup section */
		9A58B9B118D9F8270008974D = {
			isa = PBXGroup;
			children = (
				9A58B9C518D9F8270008974D /* FlickrMap */,
				9A58B9E218D9F8270008974D /* FlickrMapTests */,
				9A58B9BC18D9F8270008974D /* Frameworks */,
				9A58B9BB18D9F8270008974D /* Products */,
			);
			sourceTree = "<group>";
		};
		9A58B9BB18D9F8270008974D /* Products */ = {
			isa = PBXGroup;
			children = (
				9A58B9BA18D9F8270008974D /* FlickrMap.app */,
				9A58B9DA18D9F8270008974D /* FlickrMapTests.xctest */,
			);
			name = Products;
			sourceTree = "<group>";
		};
		9A58B9BC18D9F8270008974D /* Frameworks */ = {
			isa = PBXGroup;
			children = (
				9A58B9BD18D9F8270008974D /* Foundation.framework */,
				9A58B9BF18D9F8270008974D /* CoreGraphics.framework */,
				9A58B9C118D9F8270008974D /* UIKit.framework */,
				9A58B9C318D9F8270008974D /* CoreData.framework */,
				9A58B9DB18D9F8270008974D /* XCTest.framework */,
			);
			name = Frameworks;
			sourceTree = "<group>";
		};
		9A58B9C518D9F8270008974D /* FlickrMap */ = {
			isa = PBXGroup;
			children = (
				9A58B9CE18D9F8270008974D /* AppDelegate.h */,
				9A58B9CF18D9F8270008974D /* AppDelegate.m */,
				9A58B9D418D9F8270008974D /* Images.xcassets */,
				9A58B9D118D9F8270008974D /* FlickrMap.xcdatamodeld */,
				9A58B9C618D9F8270008974D /* Supporting Files */,
			);
			path = FlickrMap;
			sourceTree = "<group>";
		};
		9A58B9C618D9F8270008974D /* Supporting Files */ = {
			isa = PBXGroup;
			children = (
				9A58B9C718D9F8270008974D /* FlickrMap-Info.plist */,
				9A58B9C818D9F8270008974D /* InfoPlist.strings */,
				9A58B9CB18D9F8270008974D /* main.m */,
				9A58B9CD18D9F8270008974D /* FlickrMap-Prefix.pch */,
			);
			name = "Supporting Files";
			sourceTree = "<group>";
		};
		9A58B9E218D9F8270008974D /* FlickrMapTests */ = {
			isa = PBXGroup;
			children = (
				9A58B9E818D9F8270008974D /* FlickrMapTests.m */,
				9A58B9E318D9F8270008974D /* Supporting Files */,
			);
			path = FlickrMapTests;
			sourceTree = "<group>";
		};
		9A58B9E318D9F8270008974D /* Supporting Files */ = {
			isa = PBXGroup;
			children = (
				9A58B9E418D9F8270008974D /* FlickrMapTests-Info.plist */,
				9A58B9E518D9F8270008974D /* InfoPlist.strings */,
			);
			name = "Supporting Files";
			sourceTree = "<group>";
		};
/* End PBXGroup section */

/* Begin PBXNativeTarget section */
		9A58B9B918D9F8270008974D /* FlickrMap */ = {
			isa = PBXNativeTarget;
			buildConfigurationList = 9A58B9EC18D9F8270008974D /* Build configuration list for PBXNativeTarget "FlickrMap" */;
			buildPhases = (
				9A58B9B618D9F8270008974D /* Sources */,
				9A58B9B718D9F8270008974D /* Frameworks */,
				9A58B9B818D9F8270008974D /* Resources */,
			);
			buildRules = (
			);
			dependencies = (
			);
			name = FlickrMap;
			productName = FlickrMap;
			productReference = 9A58B9BA18D9F8270008974D /* FlickrMap.app */;
			productType = "com.apple.product-type.application";
		};
		9A58B9D918D9F8270008974D /* FlickrMapTests */ = {
			isa = PBXNativeTarget;
			buildConfigurationList = 9A58B9EF18D9F8270008974D /* Build configuration list for PBXNativeTarget "FlickrMapTests" */;
			buildPhases = (
				9A58B9D618D9F8270008974D /* Sources */,
				9A58B9D718D9F8270008974D /* Frameworks */,
				9A58B9D818D9F8270008974D /* Resources */,
			);
			buildRules = (
			);
			dependencies = (
				9A58B9E118D9F8270008974D /* PBXTargetDependency */,
			);
			name = FlickrMapTests;
			productName = FlickrMapTests;
			productReference = 9A58B9DA18D9F8270008974D /* FlickrMapTests.xctest */;
			productType = "com.apple.product-type.bundle.unit-test";
		};
/* End PBXNativeTarget section */

/* Begin PBXProject section */
		9A58B9B218D9F8270008974D /* Project object */ = {
			isa = PBXProject;
			attributes = {
				LastUpgradeCheck = 0500;
				ORGANIZATIONNAME = "Hugo Poissonnet";
				TargetAttributes = {
					9A58B9D918D9F8270008974D = {
						TestTargetID = 9A58B9B918D9F8270008974D;
					};
				};
			};
			buildConfigurationList = 9A58B9B518D9F8270008974D /* Build configuration list for PBXProject "FlickrMap" */;
			compatibilityVersion = "Xcode 3.2";
			developmentRegion = English;
			hasScannedForEncodings = 0;
			knownRegions = (
				en,
			);
			mainGroup = 9A58B9B118D9F8270008974D;
			productRefGroup = 9A58B9BB18D9F8270008974D /* Products */;
			projectDirPath = "";
			projectRoot = "";
			targets = (
				9A58B9B918D9F8270008974D /* FlickrMap */,
				9A58B9D918D9F8270008974D /* FlickrMapTests */,
			);
		};
/* End PBXProject section */

/* Begin PBXResourcesBuildPhase section */
		9A58B9B818D9F8270008974D /* Resources */ = {
			isa = PBXResourcesBuildPhase;
			buildActionMask = 2147483647;
			files = (
				9A58B9CA18D9F8270008974D /* InfoPlist.strings in Resources */,
				9A58B9D518D9F8270008974D /* Images.xcassets in Resources */,
			);
			runOnlyForDeploymentPostprocessing = 0;
		};
		9A58B9D818D9F8270008974D /* Resources */ = {
			isa = PBXResourcesBuildPhase;
			buildActionMask = 2147483647;
			files = (
				9A58B9E718D9F8270008974D /* InfoPlist.strings in Resources */,
			);
			runOnlyForDeploymentPostprocessing = 0;
		};
/* End PBXResourcesBuildPhase section */

/* Begin PBXSourcesBuildPhase section */
		9A58B9B618D9F8270008974D /* Sources */ = {
			isa = PBXSourcesBuildPhase;
			buildActionMask = 2147483647;
			files = (
				9A58B9D018D9F8270008974D /* AppDelegate.m in Sources */,
				9A58B9D318D9F8270008974D /* FlickrMap.xcdatamodeld in Sources */,
				9A58B9CC18D9F8270008974D /* main.m in Sources */,
			);
			runOnlyForDeploymentPostprocessing = 0;
		};
		9A58B9D618D9F8270008974D /* Sources */ = {
			isa = PBXSourcesBuildPhase;
			buildActionMask = 2147483647;
			files = (
				9A58B9E918D9F8270008974D /* FlickrMapTests.m in Sources */,
			);
			runOnlyForDeploymentPostprocessing = 0;
		};
/* End PBXSourcesBuildPhase section */

/* Begin PBXTargetDependency section */
		9A58B9E118D9F8270008974D /* PBXTargetDependency */ = {
			isa = PBXTargetDependency;
			target = 9A58B9B918D9F8270008974D /* FlickrMap */;
			targetProxy = 9A58B9E018D9F8270008974D /* PBXContainerItemProxy */;
		};
/* End PBXTargetDependency section */

/* Begin PBXVariantGroup section */
		9A58B9C818D9F8270008974D /* InfoPlist.strings */ = {
			isa = PBXVariantGroup;
			children = (
				9A58B9C918D9F8270008974D /* en */,
			);
			name = InfoPlist.strings;
			sourceTree = "<group>";
		};
		9A58B9E518D9F8270008974D /* InfoPlist.strings */ = {
			isa = PBXVariantGroup;
			children = (
				9A58B9E618D9F8270008974D /* en */,
			);
			name = InfoPlist.strings;
			sourceTree = "<group>";
		};
/* End PBXVariantGroup section */

/* Begin XCBuildConfiguration section */
		9A58B9EA18D9F8270008974D /* Debug */ = {
			isa = XCBuildConfiguration;
			buildSettings = {
				ALWAYS_SEARCH_USER_PATHS = NO;
				ARCHS = "$(ARCHS_STANDARD_INCLUDING_64_BIT)";
				CLANG_CXX_LANGUAGE_STANDARD = "gnu++0x";
				CLANG_CXX_LIBRARY = "libc++";
				CLANG_ENABLE_MODULES = YES;
				CLANG_ENABLE_OBJC_ARC = YES;
				CLANG_WARN_BOOL_CONVERSION = YES;
				CLANG_WARN_CONSTANT_CONVERSION = YES;
				CLANG_WARN_DIRECT_OBJC_ISA_USAGE = YES_ERROR;
				CLANG_WARN_EMPTY_BODY = YES;
				CLANG_WARN_ENUM_CONVERSION = YES;
				CLANG_WARN_INT_CONVERSION = YES;
				CLANG_WARN_OBJC_ROOT_CLASS = YES_ERROR;
				CLANG_WARN__DUPLICATE_METHOD_MATCH = YES;
				"CODE_SIGN_IDENTITY[sdk=iphoneos*]" = "iPhone Developer";
				COPY_PHASE_STRIP = NO;
				GCC_C_LANGUAGE_STANDARD = gnu99;
				GCC_DYNAMIC_NO_PIC = NO;
				GCC_OPTIMIZATION_LEVEL = 0;
				GCC_PREPROCESSOR_DEFINITIONS = (
					"DEBUG=1",
					"$(inherited)",
				);
				GCC_SYMBOLS_PRIVATE_EXTERN = NO;
				GCC_WARN_64_TO_32_BIT_CONVERSION = YES;
				GCC_WARN_ABOUT_RETURN_TYPE = YES_ERROR;
				GCC_WARN_UNDECLARED_SELECTOR = YES;
				GCC_WARN_UNINITIALIZED_AUTOS = YES;
				GCC_WARN_UNUSED_FUNCTION = YES;
				GCC_WARN_UNUSED_VARIABLE = YES;
				IPHONEOS_DEPLOYMENT_TARGET = 7.0;
				ONLY_ACTIVE_ARCH = YES;
				SDKROOT = iphoneos;
			};
			name = Debug;
		};
		9A58B9EB18D9F8270008974D /* Release */ = {
			isa = XCBuildConfiguration;
			buildSettings = {
				ALWAYS_SEARCH_USER_PATHS = NO;
				ARCHS = "$(ARCHS_STANDARD_INCLUDING_64_BIT)";
				CLANG_CXX_LANGUAGE_STANDARD = "gnu++0x";
				CLANG_CXX_LIBRARY = "libc++";
				CLANG_ENABLE_MODULES = YES;
				CLANG_ENABLE_OBJC_ARC = YES;
				CLANG_WARN_BOOL_CONVERSION = YES;
				CLANG_WARN_CONSTANT_CONVERSION = YES;
				CLANG_WARN_DIRECT_OBJC_ISA_USAGE = YES_ERROR;
				CLANG_WARN_EMPTY_BODY = YES;
				CLANG_WARN_ENUM_CONVERSION = YES;
				CLANG_WARN_INT_CONVERSION = YES;
				CLANG_WARN_OBJC_ROOT_CLASS = YES_ERROR;
				CLANG_WARN__DUPLICATE_METHOD_MATCH = YES;
				"CODE_SIGN_IDENTITY[sdk=iphoneos*]" = "iPhone Developer";
				COPY_PHASE_STRIP = YES;
				ENABLE_NS_ASSERTIONS = NO;
				GCC_C_LANGUAGE_STANDARD = gnu99;
				GCC_WARN_64_TO_32_BIT_CONVERSION = YES;
				GCC_WARN_ABOUT_RETURN_TYPE = YES_ERROR;
				GCC_WARN_UNDECLARED_SELECTOR = YES;
				GCC_WARN_UNINITIALIZED_AUTOS = YES;
				GCC_WARN_UNUSED_FUNCTION = YES;
				GCC_WARN_UNUSED_VARIABLE = YES;
				IPHONEOS_DEPLOYMENT_TARGET = 7.0;
				SDKROOT = iphoneos;
				VALIDATE_PRODUCT = YES;
			};
			name = Release;
		};
		9A58B9ED18D9F8270008974D /* Debug */ = {
			isa = XCBuildConfiguration;
			buildSettings = {
				ASSETCATALOG_COMPILER_APPICON_NAME = AppIcon;
				ASSETCATALOG_COMPILER_LAUNCHIMAGE_NAME = LaunchImage;
				GCC_PRECOMPILE_PREFIX_HEADER = YES;
				GCC_PREFIX_HEADER = "FlickrMap/FlickrMap-Prefix.pch";
				INFOPLIST_FILE = "FlickrMap/FlickrMap-Info.plist";
				PRODUCT_NAME = "$(TARGET_NAME)";
				WRAPPER_EXTENSION = app;
			};
			name = Debug;
		};
		9A58B9EE18D9F8270008974D /* Release */ = {
			isa = XCBuildConfiguration;
			buildSettings = {
				ASSETCATALOG_COMPILER_APPICON_NAME = AppIcon;
				ASSETCATALOG_COMPILER_LAUNCHIMAGE_NAME = LaunchImage;
				GCC_PRECOMPILE_PREFIX_HEADER = YES;
				GCC_PREFIX_HEADER = "FlickrMap/FlickrMap-Prefix.pch";
				INFOPLIST_FILE = "FlickrMap/FlickrMap-Info.plist";
				PRODUCT_NAME = "$(TARGET_NAME)";
				WRAPPER_EXTENSION = app;
			};
			name = Release;
		};
		9A58B9F018D9F8270008974D /* Debug */ = {
			isa = XCBuildConfiguration;
			buildSettings = {
				ARCHS = "$(ARCHS_STANDARD_INCLUDING_64_BIT)";
				BUNDLE_LOADER = "$(BUILT_PRODUCTS_DIR)/FlickrMap.app/FlickrMap";
				FRAMEWORK_SEARCH_PATHS = (
					"$(SDKROOT)/Developer/Library/Frameworks",
					"$(inherited)",
					"$(DEVELOPER_FRAMEWORKS_DIR)",
				);
				GCC_PRECOMPILE_PREFIX_HEADER = YES;
				GCC_PREFIX_HEADER = "FlickrMap/FlickrMap-Prefix.pch";
				GCC_PREPROCESSOR_DEFINITIONS = (
					"DEBUG=1",
					"$(inherited)",
				);
				INFOPLIST_FILE = "FlickrMapTests/FlickrMapTests-Info.plist";
				PRODUCT_NAME = "$(TARGET_NAME)";
				TEST_HOST = "$(BUNDLE_LOADER)";
				WRAPPER_EXTENSION = xctest;
			};
			name = Debug;
		};
		9A58B9F118D9F8270008974D /* Release */ = {
			isa = XCBuildConfiguration;
			buildSettings = {
				ARCHS = "$(ARCHS_STANDARD_INCLUDING_64_BIT)";
				BUNDLE_LOADER = "$(BUILT_PRODUCTS_DIR)/FlickrMap.app/FlickrMap";
				FRAMEWORK_SEARCH_PATHS = (
					"$(SDKROOT)/Developer/Library/Frameworks",
					"$(inherited)",
					"$(DEVELOPER_FRAMEWORKS_DIR)",
				);
				GCC_PRECOMPILE_PREFIX_HEADER = YES;
				GCC_PREFIX_HEADER = "FlickrMap/FlickrMap-Prefix.pch";
				INFOPLIST_FILE = "FlickrMapTests/FlickrMapTests-Info.plist";
				PRODUCT_NAME = "$(TARGET_NAME)";
				TEST_HOST = "$(BUNDLE_LOADER)";
				WRAPPER_EXTENSION = xctest;
			};
			name = Release;
		};
/* End XCBuildConfiguration section */

/* Begin XCConfigurationList section */
		9A58B9B518D9F8270008974D /* Build configuration list for PBXProject "FlickrMap" */ = {
			isa = XCConfigurationList;
			buildConfigurations = (
				9A58B9EA18D9F8270008974D /* Debug */,
				9A58B9EB18D9F8270008974D /* Release */,
			);
			defaultConfigurationIsVisible = 0;
			defaultConfigurationName = Release;
		};
		9A58B9EC18D9F8270008974D /* Build configuration list for PBXNativeTarget "FlickrMap" */ = {
			isa = XCConfigurationList;
			buildConfigurations = (
				9A58B9ED18D9F8270008974D /* Debug */,
				9A58B9EE18D9F8270008974D /* Release */,
			);
			defaultConfigurationIsVisible = 0;
		};
		9A58B9EF18D9F8270008974D /* Build configuration list for PBXNativeTarget "FlickrMapTests" */ = {
			isa = XCConfigurationList;
			buildConfigurations = (
				9A58B9F018D9F8270008974D /* Debug */,
				9A58B9F118D9F8270008974D /* Release */,
			);
			defaultConfigurationIsVisible = 0;
		};
/* End XCConfigurationList section */

/* Begin XCVersionGroup section */
		9A58B9D118D9F8270008974D /* FlickrMap.xcdatamodeld */ = {
			isa = XCVersionGroup;
			children = (
				9A58B9D218D9F8270008974D /* FlickrMap.xcdatamodel */,
			);
			currentVersion = 9A58B9D218D9F8270008974D /* FlickrMap.xcdatamodel */;
			path = FlickrMap.xcdatamodeld;
			sourceTree = "<group>";
			versionGroupType = wrapper.xcdatamodel;
		};
/* End XCVersionGroup section */
	};
	rootObject = 9A58B9B218D9F8270008974D /* Project object */;
}
